
Microsoft Visual Studio Solution File, Format Version 12.00
# Visual Studio Version 17
VisualStudioVersion = 17.14.36930.0 d17.14
MinimumVisualStudioVersion = 10.0.40219.1
Project("{FAE04EC0-301F-11D3-BF4B-00C04F79EFBC}") = "JWT-Token", "JWT-Token.csproj", "{F301A897-0A2F-4D85-9107-A6F95DF3DEDB}"
EndProject
Global
	GlobalSection(SolutionConfigurationPlatforms) = preSolution
		Debug|Any CPU = Debug|Any CPU
		Release|Any CPU = Release|Any CPU
	EndGlobalSection
	GlobalSection(ProjectConfigurationPlatforms) = postSolution
		{F301A897-0A2F-4D85-9107-A6F95DF3DEDB}.Debug|Any CPU.ActiveCfg = Debug|Any CPU
		{F301A897-0A2F-4D85-9107-A6F95DF3DEDB}.Debug|Any CPU.Build.0 = Debug|Any CPU
		{F301A897-0A2F-4D85-9107-A6F95DF3DEDB}.Release|Any CPU.ActiveCfg = Release|Any CPU
		{F301A897-0A2F-4D85-9107-A6F95DF3DEDB}.Release|Any CPU.Build.0 = Release|Any CPU
	EndGlobalSection
	GlobalSection(SolutionProperties) = preSolution
		HideSolutionNode = FALSE
	EndGlobalSection
	GlobalSection(ExtensibilityGlobals) = postSolution
		SolutionGuid = {73DCCA28-9243-4CDB-9BC5-79859845AD9D}
	EndGlobalSection
EndGlobal
